{
  "name": "git-switch-branch",
  "version": "0.2.0",
  "lockfileVersion": 1,
  "requires": true,
  "dependencies": {
    "@types/minimatch": {
      "version": "3.0.3",
      "resolved": "https://packages.atlassian.com/api/npm/npm-remote/@types/minimatch/-/minimatch-3.0.3.tgz",
      "integrity": "sha1-PcoOPzOyAPx9ETnAzZbBJoyt/Z0=",
      "dev": true
    },
    "ansi-escapes": {
      "version": "4.3.1",
      "resolved": "https://packages.atlassian.com/api/npm/npm-remote/ansi-escapes/-/ansi-escapes-4.3.1.tgz",
      "integrity": "sha1-pcR8xDGB8fOP/XB2g3cA05VSKmE=",
      "requires": {
        "type-fest": "^0.11.0"
      }
    },
    "ansi-regex": {
      "version": "5.0.0",
      "resolved": "https://packages.atlassian.com/api/npm/npm-remote/ansi-regex/-/ansi-regex-5.0.0.tgz",
      "integrity": "sha1-OIU59VF5vzkznIGvMKZU1p+Hy3U="
    },
    "ansi-styles": {
      "version": "4.3.0",
      "resolved": "https://packages.atlassian.com/api/npm/npm-remote/ansi-styles/-/ansi-styles-4.3.0.tgz",
      "integrity": "sha1-7dgDYornHATIWuegkG7a00tkiTc=",
      "requires": {
        "color-convert": "^2.0.1"
      }
    },
    "array-differ": {
      "version": "3.0.0",
      "resolved": "https://packages.atlassian.com/api/npm/npm-remote/array-differ/-/array-differ-3.0.0.tgz",
      "integrity": "sha1-PLs9DzFoEOr8xHYkc0I31q7krms=",
      "dev": true
    },
    "array-union": {
      "version": "2.1.0",
      "resolved": "https://packages.atlassian.com/api/npm/npm-remote/array-union/-/array-union-2.1.0.tgz",
      "integrity": "sha1-t5hCCtvrHego2ErNii4j0+/oXo0=",
      "dev": true
    },
    "arrify": {
      "version": "2.0.1",
      "resolved": "https://packages.atlassian.com/api/npm/npm-remote/arrify/-/arrify-2.0.1.tgz",
      "integrity": "sha1-yWVekzHgq81YjSp8rX6ZVvZnAfo=",
      "dev": true
    },
    "balanced-match": {
      "version": "1.0.0",
      "resolved": "https://packages.atlassian.com/api/npm/npm-remote/balanced-match/-/balanced-match-1.0.0.tgz",
      "integrity": "sha1-ibTRmasr7kneFk6gK4nORi1xt2c=",
      "dev": true
    },
    "brace-expansion": {
      "version": "1.1.11",
      "resolved": "https://packages.atlassian.com/api/npm/npm-remote/brace-expansion/-/brace-expansion-1.1.11.tgz",
      "integrity": "sha1-PH/L9SnYcibz0vUrlm/1Jx60Qd0=",
      "dev": true,
      "requires": {
        "balanced-match": "^1.0.0",
        "concat-map": "0.0.1"
      }
    },
    "chalk": {
      "version": "4.1.0",
      "resolved": "https://packages.atlassian.com/api/npm/npm-remote/chalk/-/chalk-4.1.0.tgz",
      "integrity": "sha1-ThSHCmGNni7dl92DRf2dncMVZGo=",
      "requires": {
        "ansi-styles": "^4.1.0",
        "supports-color": "^7.1.0"
      }
    },
    "chardet": {
      "version": "0.7.0",
      "resolved": "https://packages.atlassian.com/api/npm/npm-remote/chardet/-/chardet-0.7.0.tgz",
      "integrity": "sha1-kAlISfCTfy7twkJdDSip5fDLrZ4="
    },
    "cli-cursor": {
      "version": "3.1.0",
      "resolved": "https://packages.atlassian.com/api/npm/npm-remote/cli-cursor/-/cli-cursor-3.1.0.tgz",
      "integrity": "sha1-JkMFp65JDR0Dvwybp8kl0XU68wc=",
      "requires": {
        "restore-cursor": "^3.1.0"
      }
    },
    "cli-width": {
      "version": "3.0.0",
      "resolved": "https://packages.atlassian.com/api/npm/npm-remote/cli-width/-/cli-width-3.0.0.tgz",
      "integrity": "sha1-ovSEN6LKqaIkNueUvwceyeYc7fY="
    },
    "color-convert": {
      "version": "2.0.1",
      "resolved": "https://packages.atlassian.com/api/npm/npm-remote/color-convert/-/color-convert-2.0.1.tgz",
      "integrity": "sha1-ctOmjVmMm9s68q0ehPIdiWq9TeM=",
      "requires": {
        "color-name": "~1.1.4"
      }
    },
    "color-name": {
      "version": "1.1.4",
      "resolved": "https://packages.atlassian.com/api/npm/npm-remote/color-name/-/color-name-1.1.4.tgz",
      "integrity": "sha1-wqCah6y95pVD3m9j+jmVyCbFNqI="
    },
    "concat-map": {
      "version": "0.0.1",
      "resolved": "https://packages.atlassian.com/api/npm/npm-remote/concat-map/-/concat-map-0.0.1.tgz",
      "integrity": "sha1-2Klr13/Wjfd5OnMDajug1UBdR3s=",
      "dev": true
    },
    "cross-spawn": {
      "version": "7.0.3",
      "resolved": "https://packages.atlassian.com/api/npm/npm-remote/cross-spawn/-/cross-spawn-7.0.3.tgz",
      "integrity": "sha1-9zqFudXUHQRVUcF34ogtSshXKKY=",
      "dev": true,
      "requires": {
        "path-key": "^3.1.0",
        "shebang-command": "^2.0.0",
        "which": "^2.0.1"
      }
    },
    "emoji-regex": {
      "version": "8.0.0",
      "resolved": "https://packages.atlassian.com/api/npm/npm-remote/emoji-regex/-/emoji-regex-8.0.0.tgz",
      "integrity": "sha1-6Bj9ac5cz8tARZT4QpY79TFkzDc="
    },
    "end-of-stream": {
      "version": "1.4.4",
      "resolved": "https://packages.atlassian.com/api/npm/npm-remote/end-of-stream/-/end-of-stream-1.4.4.tgz",
      "integrity": "sha1-WuZKX0UFe682JuwU2gyl5LJDHrA=",
      "dev": true,
      "requires": {
        "once": "^1.4.0"
      }
    },
    "escape-string-regexp": {
      "version": "1.0.5",
      "resolved": "https://packages.atlassian.com/api/npm/npm-remote/escape-string-regexp/-/escape-string-regexp-1.0.5.tgz",
      "integrity": "sha1-G2HAViGQqN/2rjuyzwIAyhMLhtQ="
    },
    "execa": {
      "version": "4.1.0",
      "resolved": "https://packages.atlassian.com/api/npm/npm-remote/execa/-/execa-4.1.0.tgz",
      "integrity": "sha1-TlSRrRVy8vF6d9OIxshXE1sihHo=",
      "dev": true,
      "requires": {
        "cross-spawn": "^7.0.0",
        "get-stream": "^5.0.0",
        "human-signals": "^1.1.1",
        "is-stream": "^2.0.0",
        "merge-stream": "^2.0.0",
        "npm-run-path": "^4.0.0",
        "onetime": "^5.1.0",
        "signal-exit": "^3.0.2",
        "strip-final-newline": "^2.0.0"
      }
    },
    "external-editor": {
      "version": "3.1.0",
      "resolved": "https://packages.atlassian.com/api/npm/npm-remote/external-editor/-/external-editor-3.1.0.tgz",
      "integrity": "sha1-ywP3QL764D6k0oPK7SdBqD8zVJU=",
      "requires": {
        "chardet": "^0.7.0",
        "iconv-lite": "^0.4.24",
        "tmp": "^0.0.33"
      }
    },
    "figures": {
      "version": "3.2.0",
      "resolved": "https://packages.atlassian.com/api/npm/npm-remote/figures/-/figures-3.2.0.tgz",
      "integrity": "sha1-YlwYvSk8YE3EqN2y/r8MiDQXRq8=",
      "requires": {
        "escape-string-regexp": "^1.0.5"
      }
    },
    "find-up": {
      "version": "4.1.0",
      "resolved": "https://packages.atlassian.com/api/npm/npm-remote/find-up/-/find-up-4.1.0.tgz",
      "integrity": "sha1-l6/n1s3AvFkoWEt8jXsW6KmqXRk=",
      "dev": true,
      "requires": {
        "locate-path": "^5.0.0",
        "path-exists": "^4.0.0"
      }
    },
    "get-stream": {
      "version": "5.2.0",
      "resolved": "https://packages.atlassian.com/api/npm/npm-remote/get-stream/-/get-stream-5.2.0.tgz",
      "integrity": "sha1-SWaheV7lrOZecGxLe+txJX1uItM=",
      "dev": true,
      "requires": {
        "pump": "^3.0.0"
      }
    },
    "has-flag": {
      "version": "4.0.0",
      "resolved": "https://packages.atlassian.com/api/npm/npm-remote/has-flag/-/has-flag-4.0.0.tgz",
      "integrity": "sha1-lEdx/ZyByBJlxNaUGGDaBrtZR5s="
    },
    "human-signals": {
      "version": "1.1.1",
      "resolved": "https://packages.atlassian.com/api/npm/npm-remote/human-signals/-/human-signals-1.1.1.tgz",
      "integrity": "sha1-xbHNFPUK6uCatsWf5jujOV/k36M=",
      "dev": true
    },
    "husky": {
      "version": "5.1.3",
      "resolved": "https://packages.atlassian.com/api/npm/npm-remote/husky/-/husky-5.1.3.tgz",
      "integrity": "sha1-GgZFpP4//ABsTQ2L0Ly0yYeHzJ0=",
      "dev": true
    },
    "iconv-lite": {
      "version": "0.4.24",
      "resolved": "https://packages.atlassian.com/api/npm/npm-remote/iconv-lite/-/iconv-lite-0.4.24.tgz",
      "integrity": "sha1-ICK0sl+93CHS9SSXSkdKr+czkIs=",
      "requires": {
        "safer-buffer": ">= 2.1.2 < 3"
      }
    },
    "ignore": {
      "version": "5.1.8",
      "resolved": "https://packages.atlassian.com/api/npm/npm-remote/ignore/-/ignore-5.1.8.tgz",
      "integrity": "sha1-8VCotQo0KJsz4i9YiavU2AFvDlc=",
      "dev": true
    },
    "inquirer": {
      "version": "8.0.0",
      "resolved": "https://packages.atlassian.com/api/npm/npm-remote/inquirer/-/inquirer-8.0.0.tgz",
      "integrity": "sha1-lXpG2xq88P3Sq4Let0cOkK/H0Kw=",
      "requires": {
        "ansi-escapes": "^4.2.1",
        "chalk": "^4.1.0",
        "cli-cursor": "^3.1.0",
        "cli-width": "^3.0.0",
        "external-editor": "^3.0.3",
        "figures": "^3.0.0",
        "lodash": "^4.17.21",
        "mute-stream": "0.0.8",
        "run-async": "^2.4.0",
        "rxjs": "^6.6.6",
        "string-width": "^4.1.0",
        "strip-ansi": "^6.0.0",
        "through": "^2.3.6"
      }
    },
    "inquirer-autocomplete-prompt": {
      "version": "1.3.0",
      "resolved": "https://packages.atlassian.com/api/npm/npm-remote/inquirer-autocomplete-prompt/-/inquirer-autocomplete-prompt-1.3.0.tgz",
      "integrity": "sha1-/LupJr4tPPM4490kOArnxAgRO0Y=",
      "requires": {
        "ansi-escapes": "^4.3.1",
        "chalk": "^4.0.0",
        "figures": "^3.2.0",
        "run-async": "^2.4.0",
        "rxjs": "^6.6.2"
      },
      "dependencies": {
        "chalk": {
          "version": "4.1.0",
          "resolved": "https://packages.atlassian.com/api/npm/npm-remote/chalk/-/chalk-4.1.0.tgz",
          "integrity": "sha1-ThSHCmGNni7dl92DRf2dncMVZGo=",
          "requires": {
            "ansi-styles": "^4.1.0",
            "supports-color": "^7.1.0"
          }
        }
      }
    },
    "is-fullwidth-code-point": {
      "version": "3.0.0",
      "resolved": "https://packages.atlassian.com/api/npm/npm-remote/is-fullwidth-code-point/-/is-fullwidth-code-point-3.0.0.tgz",
      "integrity": "sha1-8Rb4Bk/pCz94RKOJl8C3UFEmnx0="
    },
    "is-stream": {
      "version": "2.0.0",
      "resolved": "https://packages.atlassian.com/api/npm/npm-remote/is-stream/-/is-stream-2.0.0.tgz",
      "integrity": "sha1-venDJoDW+uBBKdasnZIc54FfeOM=",
      "dev": true
    },
    "isexe": {
      "version": "2.0.0",
      "resolved": "https://packages.atlassian.com/api/npm/npm-remote/isexe/-/isexe-2.0.0.tgz",
      "integrity": "sha1-6PvzdNxVb/iUehDcsFctYz8s+hA=",
      "dev": true
    },
    "locate-path": {
      "version": "5.0.0",
      "resolved": "https://packages.atlassian.com/api/npm/npm-remote/locate-path/-/locate-path-5.0.0.tgz",
      "integrity": "sha1-Gvujlq/WdqbUJQTQpno6frn2KqA=",
      "dev": true,
      "requires": {
        "p-locate": "^4.1.0"
      }
    },
    "lodash": {
      "version": "4.17.21",
      "resolved": "https://packages.atlassian.com/api/npm/npm-remote/lodash/-/lodash-4.17.21.tgz",
      "integrity": "sha1-Z5WRxWTDv/quhFTPCz3zcMPWkRw="
    },
    "merge-stream": {
      "version": "2.0.0",
      "resolved": "https://packages.atlassian.com/api/npm/npm-remote/merge-stream/-/merge-stream-2.0.0.tgz",
      "integrity": "sha1-UoI2KaFN0AyXcPtq1H3GMQ8sH2A=",
      "dev": true
    },
    "mimic-fn": {
      "version": "2.1.0",
      "resolved": "https://packages.atlassian.com/api/npm/npm-remote/mimic-fn/-/mimic-fn-2.1.0.tgz",
      "integrity": "sha1-ftLCzMyvhNP/y3pptXcR/CCDQBs="
    },
    "minimatch": {
      "version": "3.0.4",
      "resolved": "https://packages.atlassian.com/api/npm/npm-remote/minimatch/-/minimatch-3.0.4.tgz",
      "integrity": "sha1-UWbihkV/AzBgZL5Ul+jbsMPTIIM=",
      "dev": true,
      "requires": {
        "brace-expansion": "^1.1.7"
      }
    },
    "mri": {
      "version": "1.1.6",
      "resolved": "https://packages.atlassian.com/api/npm/npm-remote/mri/-/mri-1.1.6.tgz",
      "integrity": "sha1-SZUuEETbIdv5D2zZK8nJp3fUFaY=",
      "dev": true
    },
    "multimatch": {
      "version": "4.0.0",
      "resolved": "https://packages.atlassian.com/api/npm/npm-remote/multimatch/-/multimatch-4.0.0.tgz",
      "integrity": "sha1-jDwPbj6ESa2grz3SnvtJGjdRkbM=",
      "dev": true,
      "requires": {
        "@types/minimatch": "^3.0.3",
        "array-differ": "^3.0.0",
        "array-union": "^2.1.0",
        "arrify": "^2.0.1",
        "minimatch": "^3.0.4"
      }
    },
    "mute-stream": {
      "version": "0.0.8",
      "resolved": "https://packages.atlassian.com/api/npm/npm-remote/mute-stream/-/mute-stream-0.0.8.tgz",
      "integrity": "sha1-FjDEKyJR/4HiooPelqVJfqkuXg0="
    },
    "npm-run-path": {
      "version": "4.0.1",
      "resolved": "https://packages.atlassian.com/api/npm/npm-remote/npm-run-path/-/npm-run-path-4.0.1.tgz",
      "integrity": "sha1-t+zR5e1T2o43pV4cImnguX7XSOo=",
      "dev": true,
      "requires": {
        "path-key": "^3.0.0"
      }
    },
    "once": {
      "version": "1.4.0",
      "resolved": "https://packages.atlassian.com/api/npm/npm-remote/once/-/once-1.4.0.tgz",
      "integrity": "sha1-WDsap3WWHUsROsF9nFC6753Xa9E=",
      "dev": true,
      "requires": {
        "wrappy": "1"
      }
    },
    "onetime": {
      "version": "5.1.2",
      "resolved": "https://packages.atlassian.com/api/npm/npm-remote/onetime/-/onetime-5.1.2.tgz",
      "integrity": "sha1-0Oluu1awdHbfHdnEgG5SN5hcpF4=",
      "requires": {
        "mimic-fn": "^2.1.0"
      }
    },
    "os-tmpdir": {
      "version": "1.0.2",
      "resolved": "https://packages.atlassian.com/api/npm/npm-remote/os-tmpdir/-/os-tmpdir-1.0.2.tgz",
      "integrity": "sha1-u+Z0BseaqFxc/sdm/lc0VV36EnQ="
    },
    "p-limit": {
      "version": "2.3.0",
      "resolved": "https://packages.atlassian.com/api/npm/npm-remote/p-limit/-/p-limit-2.3.0.tgz",
      "integrity": "sha1-PdM8ZHohT9//2DWTPrCG2g3CHbE=",
      "dev": true,
      "requires": {
        "p-try": "^2.0.0"
      }
    },
    "p-locate": {
      "version": "4.1.0",
      "resolved": "https://packages.atlassian.com/api/npm/npm-remote/p-locate/-/p-locate-4.1.0.tgz",
      "integrity": "sha1-o0KLtwiLOmApL2aRkni3wpetTwc=",
      "dev": true,
      "requires": {
        "p-limit": "^2.2.0"
      }
    },
    "p-try": {
      "version": "2.2.0",
      "resolved": "https://packages.atlassian.com/api/npm/npm-remote/p-try/-/p-try-2.2.0.tgz",
      "integrity": "sha1-yyhoVA4xPWHeWPr741zpAE1VQOY=",
      "dev": true
    },
    "path-exists": {
      "version": "4.0.0",
      "resolved": "https://packages.atlassian.com/api/npm/npm-remote/path-exists/-/path-exists-4.0.0.tgz",
      "integrity": "sha1-UTvb4tO5XXdi6METfvoZXGxhtbM=",
      "dev": true
    },
    "path-key": {
      "version": "3.1.1",
      "resolved": "https://packages.atlassian.com/api/npm/npm-remote/path-key/-/path-key-3.1.1.tgz",
      "integrity": "sha1-WB9q3mWMu6ZaDTOA3ndTKVBU83U=",
      "dev": true
    },
    "prettier": {
      "version": "2.2.1",
      "resolved": "https://packages.atlassian.com/api/npm/npm-remote/prettier/-/prettier-2.2.1.tgz",
      "integrity": "sha1-eVoaeN1S8HPaDNQrIfnJE4GSP/U=",
      "dev": true
    },
    "pretty-quick": {
      "version": "3.1.0",
      "resolved": "https://packages.atlassian.com/api/npm/npm-remote/pretty-quick/-/pretty-quick-3.1.0.tgz",
      "integrity": "sha1-yxcukIbetXRV3qfH6PE2zQpK72w=",
      "dev": true,
      "requires": {
        "chalk": "^3.0.0",
        "execa": "^4.0.0",
        "find-up": "^4.1.0",
        "ignore": "^5.1.4",
        "mri": "^1.1.5",
        "multimatch": "^4.0.0"
      },
      "dependencies": {
        "chalk": {
          "version": "3.0.0",
          "resolved": "https://packages.atlassian.com/api/npm/npm-remote/chalk/-/chalk-3.0.0.tgz",
          "integrity": "sha1-P3PCv1JlkfV0zEksUeJFY0n4ROQ=",
          "dev": true,
          "requires": {
            "ansi-styles": "^4.1.0",
            "supports-color": "^7.1.0"
          }
        }
      }
    },
    "pump": {
      "version": "3.0.0",
      "resolved": "https://packages.atlassian.com/api/npm/npm-remote/pump/-/pump-3.0.0.tgz",
      "integrity": "sha1-tKIRaBW94vTh6mAjVOjHVWUQemQ=",
      "dev": true,
      "requires": {
        "end-of-stream": "^1.1.0",
        "once": "^1.3.1"
      }
    },
    "restore-cursor": {
      "version": "3.1.0",
      "resolved": "https://packages.atlassian.com/api/npm/npm-remote/restore-cursor/-/restore-cursor-3.1.0.tgz",
      "integrity": "sha1-OfZ8VLOnpYzqUjbZXPADQjljH34=",
      "requires": {
        "onetime": "^5.1.0",
        "signal-exit": "^3.0.2"
      }
    },
    "run-async": {
      "version": "2.4.1",
      "resolved": "https://packages.atlassian.com/api/npm/npm-remote/run-async/-/run-async-2.4.1.tgz",
      "integrity": "sha1-hEDsz5nqPnC9QJ1JqriOEMGJpFU="
    },
    "rxjs": {
      "version": "6.6.6",
      "resolved": "https://packages.atlassian.com/api/npm/npm-remote/rxjs/-/rxjs-6.6.6.tgz",
      "integrity": "sha1-FNhBeqWgfF5jOZW1JeHjwN7AO3A=",
      "requires": {
        "tslib": "^1.9.0"
      }
    },
    "safer-buffer": {
      "version": "2.1.2",
      "resolved": "https://packages.atlassian.com/api/npm/npm-remote/safer-buffer/-/safer-buffer-2.1.2.tgz",
      "integrity": "sha1-RPoWGwGHuVSd2Eu5GAL5vYOFzWo="
    },
    "shebang-command": {
      "version": "2.0.0",
      "resolved": "https://packages.atlassian.com/api/npm/npm-remote/shebang-command/-/shebang-command-2.0.0.tgz",
      "integrity": "sha1-zNCvT4g1+9wmW4JGGq8MNmY/NOo=",
      "dev": true,
      "requires": {
        "shebang-regex": "^3.0.0"
      }
    },
    "shebang-regex": {
      "version": "3.0.0",
      "resolved": "https://packages.atlassian.com/api/npm/npm-remote/shebang-regex/-/shebang-regex-3.0.0.tgz",
      "integrity": "sha1-rhbxZE2HPsrYQ7AwexQzYtTEIXI=",
      "dev": true
    },
    "signal-exit": {
      "version": "3.0.3",
      "resolved": "https://packages.atlassian.com/api/npm/npm-remote/signal-exit/-/signal-exit-3.0.3.tgz",
      "integrity": "sha1-oUEMLt2PB3sItOJTyOrPyvBXRhw="
    },
    "string-width": {
      "version": "4.2.2",
      "resolved": "https://packages.atlassian.com/api/npm/npm-remote/string-width/-/string-width-4.2.2.tgz",
      "integrity": "sha1-2v1PlVmnWFz7pSnGoKT3NIjr1MU=",
      "requires": {
        "emoji-regex": "^8.0.0",
        "is-fullwidth-code-point": "^3.0.0",
        "strip-ansi": "^6.0.0"
      }
    },
    "strip-ansi": {
      "version": "6.0.0",
      "resolved": "https://packages.atlassian.com/api/npm/npm-remote/strip-ansi/-/strip-ansi-6.0.0.tgz",
      "integrity": "sha1-CxVx3XZpzNTz4G4U7x7tJiJa5TI=",
      "requires": {
        "ansi-regex": "^5.0.0"
      }
    },
    "strip-final-newline": {
      "version": "2.0.0",
      "resolved": "https://packages.atlassian.com/api/npm/npm-remote/strip-final-newline/-/strip-final-newline-2.0.0.tgz",
      "integrity": "sha1-ibhS+y/L6Tb29LMYevsKEsGrWK0=",
      "dev": true
    },
    "supports-color": {
      "version": "7.2.0",
      "resolved": "https://packages.atlassian.com/api/npm/npm-remote/supports-color/-/supports-color-7.2.0.tgz",
      "integrity": "sha1-G33NyzK4E4gBs+R4umpRyqiWSNo=",
      "requires": {
        "has-flag": "^4.0.0"
      }
    },
    "through": {
      "version": "2.3.8",
      "resolved": "https://packages.atlassian.com/api/npm/npm-remote/through/-/through-2.3.8.tgz",
      "integrity": "sha1-DdTJ/6q8NXlgsbckEV1+Doai4fU="
    },
    "tmp": {
      "version": "0.0.33",
      "resolved": "https://packages.atlassian.com/api/npm/npm-remote/tmp/-/tmp-0.0.33.tgz",
      "integrity": "sha1-bTQzWIl2jSGyvNoKonfO07G/rfk=",
      "requires": {
        "os-tmpdir": "~1.0.2"
      }
    },
    "tslib": {
      "version": "1.14.1",
      "resolved": "https://packages.atlassian.com/api/npm/npm-remote/tslib/-/tslib-1.14.1.tgz",
      "integrity": "sha1-zy04vcNKE0vK8QkcQfZhni9nLQA="
    },
    "type-fest": {
      "version": "0.11.0",
      "resolved": "https://packages.atlassian.com/api/npm/npm-remote/type-fest/-/type-fest-0.11.0.tgz",
      "integrity": "sha1-l6vwhyMQ/tiKXEZrJWgVdhReM/E="
    },
    "which": {
      "version": "2.0.2",
      "resolved": "https://packages.atlassian.com/api/npm/npm-remote/which/-/which-2.0.2.tgz",
      "integrity": "sha1-fGqN0KY2oDJ+ELWckobu6T8/UbE=",
      "dev": true,
      "requires": {
        "isexe": "^2.0.0"
      }
    },
    "wrappy": {
      "version": "1.0.2",
      "resolved": "https://packages.atlassian.com/api/npm/npm-remote/wrappy/-/wrappy-1.0.2.tgz",
      "integrity": "sha1-tSQ9jz7BqjXxNkYFvA0QNuMKtp8=",
      "dev": true
    }
  }
}
